
Microsoft Visual Studio Solution File, Format Version 12.00
# Visual Studio Version 17
VisualStudioVersion = 17.0.31903.59
MinimumVisualStudioVersion = 10.0.40219.1
Project("{9A19103F-16F7-4668-BE54-9A1E7A4F7556}") = "react-backend", "react-backend\react-backend.csproj", "{CEB76F3C-0B06-4918-8BFD-578AE924B430}"
EndProject
Project("{54A90642-561A-4BB1-A94E-469ADEE60C69}") = "react-frontend", "react-frontend\react-frontend.esproj", "{0E2380A5-862C-4C32-AAF8-A65B810287F6}"
EndProject
Global
	GlobalSection(SolutionConfigurationPlatforms) = preSolution
		Debug|Any CPU = Debug|Any CPU
		Release|Any CPU = Release|Any CPU
	EndGlobalSection
	GlobalSection(ProjectConfigurationPlatforms) = postSolution
		{CEB76F3C-0B06-4918-8BFD-578AE924B430}.Debug|Any CPU.ActiveCfg = Debug|Any CPU
		{CEB76F3C-0B06-4918-8BFD-578AE924B430}.Debug|Any CPU.Build.0 = Debug|Any CPU
		{CEB76F3C-0B06-4918-8BFD-578AE924B430}.Release|Any CPU.ActiveCfg = Release|Any CPU
		{CEB76F3C-0B06-4918-8BFD-578AE924B430}.Release|Any CPU.Build.0 = Release|Any CPU
		{0E2380A5-862C-4C32-AAF8-A65B810287F6}.Debug|Any CPU.ActiveCfg = Debug|Any CPU
		{0E2380A5-862C-4C32-AAF8-A65B810287F6}.Debug|Any CPU.Build.0 = Debug|Any CPU
		{0E2380A5-862C-4C32-AAF8-A65B810287F6}.Debug|Any CPU.Deploy.0 = Debug|Any CPU
		{0E2380A5-862C-4C32-AAF8-A65B810287F6}.Release|Any CPU.ActiveCfg = Release|Any CPU
		{0E2380A5-862C-4C32-AAF8-A65B810287F6}.Release|Any CPU.Build.0 = Release|Any CPU
		{0E2380A5-862C-4C32-AAF8-A65B810287F6}.Release|Any CPU.Deploy.0 = Release|Any CPU
	EndGlobalSection
	GlobalSection(SolutionProperties) = preSolution
		HideSolutionNode = FALSE
	EndGlobalSection
	GlobalSection(ExtensibilityGlobals) = postSolution
		SolutionGuid = {42E3659E-C328-4D40-AC70-48C8E998DF06}
	EndGlobalSection
EndGlobal
